
Microsoft Visual Studio Solution File, Format Version 12.00
# Visual Studio Version 16
VisualStudioVersion = 16.0.30114.105
MinimumVisualStudioVersion = 10.0.40219.1
Project("{FAE04EC0-301F-11D3-BF4B-00C04F79EFBC}") = "selenium_training", "selenium_training.csproj", "{8D4A2CC9-CB32-4035-94A4-DADACEF7024D}"
EndProject
Global
	GlobalSection(SolutionConfigurationPlatforms) = preSolution
		Debug|Any CPU = Debug|Any CPU
		Release|Any CPU = Release|Any CPU
	EndGlobalSection
	GlobalSection(ProjectConfigurationPlatforms) = postSolution
		{8D4A2CC9-CB32-4035-94A4-DADACEF7024D}.Debug|Any CPU.ActiveCfg = Debug|Any CPU
		{8D4A2CC9-CB32-4035-94A4-DADACEF7024D}.Debug|Any CPU.Build.0 = Debug|Any CPU
		{8D4A2CC9-CB32-4035-94A4-DADACEF7024D}.Release|Any CPU.ActiveCfg = Release|Any CPU
		{8D4A2CC9-CB32-4035-94A4-DADACEF7024D}.Release|Any CPU.Build.0 = Release|Any CPU
	EndGlobalSection
	GlobalSection(SolutionProperties) = preSolution
		HideSolutionNode = FALSE
	EndGlobalSection
	GlobalSection(ExtensibilityGlobals) = postSolution
		SolutionGuid = {0524F12B-0497-4D6C-B1D4-C7D4EF7EC039}
	EndGlobalSection
EndGlobal
